github.com/aquasecurity/libbpfgo/helpers v0.4.5 h1:eCoLclL3yqv4N9jqGL3T/ckrLPms2r13C4V2xtU75yc=
github.com/aquasecurity/libbpfgo/helpers v0.4.5/go.mod h1:j/TQLmsZpOIdF3CnJODzYngG4yu1YoDCoRMELxkQSSA=
github.com/chengxilo/virtualterm v1.0.4 h1:Z6IpERbRVlfB8WkOmtbHiDbBANU7cimRIof7mk9/PwM=
github.com/chengxilo/virtualterm v1.0.4/go.mod h1:DyxxBZz/x1iqJjFxTFcr6/x+jSpqN0iwWCOK1q10rlY=
github.com/coreos/go-systemd/v22 v22.5.0/go.mod h1:Y58oyj3AT4RCenI/lSvhwexgC+NSVTIJ3seZv2GcEnc=
github.com/cpuguy83/go-md2man/v2 v2.0.6/go.mod h1:oOW0eioCTA6cOiMLiUPZOpcVxMig6NIQQ7OS05n1F4g=
github.com/davecgh/go-spew v1.1.0/go.mod h1:J7Y8YcW2NihsgmVo/mv3lAwl/skON4iLHjSsI+c5H38=
github.com/davecgh/go-spew v1.1.1 h1:vj9j/u1bqnvCEfJOwUhtlOARqs3+rkHYY13jYWTU97c=
github.com/davecgh/go-spew v1.1.1/go.mod h1:J7Y8YcW2NihsgmVo/mv3lAwl/skON4iLHjSsI+c5H38=
github.com/godbus/dbus/v5 v5.0.4/go.mod h1:xhWf0FNVPg57R7Z0UbKHbJfkEywrmjJnf7w5xrFpKfA=
github.com/inconshreveable/mousetrap v1.1.0 h1:wN+x4NVGpMsO7ErUn/mUI3vEoE6Jt13X2s0bqwp9tc8=
github.com/inconshreveable/mousetrap v1.1.0/go.mod h1:vpF70FUmC8bwa3OWnCshd2FqLfsEA9PFc4w1p2J65bw=
github.com/mattn/go-colorable v0.1.13 h1:fFA4WZxdEF4tXPZVKMLwD8oUnCTTo08duU7wxecdEvA=
github.com/mattn/go-colorable v0.1.13/go.mod h1:7S9/ev0klgBDR4GtXTXX8a3vIGJpMovkB8vQcUbaXHg=
github.com/mattn/go-isatty v0.0.16/go.mod h1:kYGgaQfpe5nmfYZH+SKPsOc2e4SrIfOl2e/yFXSvRLM=
github.com/mattn/go-isatty v0.0.19/go.mod h1:W+V8PltTTMOvKvAeJH7IuucS94S2C6jfK/D7dTCTo3Y=
github.com/mattn/go-isatty v0.0.20 h1:xfD0iDuEKnDkl03q4limB+vH+GxLEtL/jb4xVJSWWEY=
github.com/mattn/go-isatty v0.0.20/go.mod h1:W+V8PltTTMOvKvAeJH7IuucS94S2C6jfK/D7dTCTo3Y=
github.com/mattn/go-runewidth v0.0.16 h1:E5ScNMtiwvlvB5paMFdw9p4kSQzbXFikJ5SQO6TULQc=
github.com/mattn/go-runewidth v0.0.16/go.mod h1:Jdepj2loyihRzMpdS35Xk/zdY8IAYHsh153qUoGf23w=
github.com/maxgio92/libbpfgo v0.8.0-libbpf-1.5.0.20250411210037-51b8477deb51 h1:SointYEZjs61AX3+zDUt6Too9Epxd+QWAwmJlKc8PEM=
github.com/maxgio92/libbpfgo v0.8.0-libbpf-1.5.0.20250411210037-51b8477deb51/go.mod h1:sp0LPEJ5Jwdjd052xV/f/jxycghG6p7RbXyXSLcvclQ=
github.com/maxgio92/libbpfgo v0.8.0-libbpf-1.5.0.20250411213006-0abf25fc2548 h1:SK7RqaenKuhTmYl3QGJ55344xRzUOKRUpxGGr5C2hEA=
github.com/maxgio92/libbpfgo v0.8.0-libbpf-1.5.0.20250411213006-0abf25fc2548/go.mod h1:sp0LPEJ5Jwdjd052xV/f/jxycghG6p7RbXyXSLcvclQ=
github.com/maxgio92/libbpfgo v0.8.0-libbpf-1.5.0.20250411220308-604d95ac81dd h1:HcpycSaWK9XQT/mNyBEZuBQWnk7aUlhfixxUn8EMSOM=
github.com/maxgio92/libbpfgo v0.8.0-libbpf-1.5.0.20250411220308-604d95ac81dd/go.mod h1:sp0LPEJ5Jwdjd052xV/f/jxycghG6p7RbXyXSLcvclQ=
github.com/maxgio92/libbpfgo v0.8.0-libbpf-1.5.0.20250411220555-ce3b0ab76c75 h1:0lAChuDZc8Vx01uCb8ic9YThnsWt9Uh/2gniyp2GgCk=
github.com/maxgio92/libbpfgo v0.8.0-libbpf-1.5.0.20250411220555-ce3b0ab76c75/go.mod h1:sp0LPEJ5Jwdjd052xV/f/jxycghG6p7RbXyXSLcvclQ=
github.com/maxgio92/libbpfgo v0.8.0-libbpf-1.5.0.20250412075213-0bc0db0c955a h1:4YqQrAO/PbJiabymftMOhfmE7+vep2kaON0B9NZiIOg=
github.com/maxgio92/libbpfgo v0.8.0-libbpf-1.5.0.20250412075213-0bc0db0c955a/go.mod h1:sp0LPEJ5Jwdjd052xV/f/jxycghG6p7RbXyXSLcvclQ=
github.com/maxgio92/libbpfgo v0.8.0-libbpf-1.5.0.20250412075447-06481d31f63c h1:NFtJu9LK/JAqfyRXYY82hpUvu3KI8nJv02Hp0gjf9kw=
github.com/maxgio92/libbpfgo v0.8.0-libbpf-1.5.0.20250412075447-06481d31f63c/go.mod h1:sp0LPEJ5Jwdjd052xV/f/jxycghG6p7RbXyXSLcvclQ=
github.com/maxgio92/libbpfgo v0.8.0-libbpf-1.5.0.20250412081305-ec3a6eb563d0 h1:U2dkuq6Xsy20qRFg0nUXzl2zPeLwTDa2cIjGw0/LSAM=
github.com/maxgio92/libbpfgo v0.8.0-libbpf-1.5.0.20250412081305-ec3a6eb563d0/go.mod h1:sp0LPEJ5Jwdjd052xV/f/jxycghG6p7RbXyXSLcvclQ=
github.com/maxgio92/libbpfgo v0.8.0-libbpf-1.5.0.20250412081543-c7de2bcd5beb h1:l7jftb/XnMh8jMWPJVUarF2C2xUODYdaoOD4uc4FSkQ=
github.com/maxgio92/libbpfgo v0.8.0-libbpf-1.5.0.20250412081543-c7de2bcd5beb/go.mod h1:sp0LPEJ5Jwdjd052xV/f/jxycghG6p7RbXyXSLcvclQ=
github.com/maxgio92/libbpfgo v0.8.0-libbpf-1.5.0.20250412081757-5eb0939e8d02 h1:EmueTEISr7+dMVX1nxUcgO+G7cGF9u8C6XT0dHOXHfA=
github.com/maxgio92/libbpfgo v0.8.0-libbpf-1.5.0.20250412081757-5eb0939e8d02/go.mod h1:sp0LPEJ5Jwdjd052xV/f/jxycghG6p7RbXyXSLcvclQ=
github.com/maxgio92/libbpfgo v0.8.0-libbpf-1.5.0.20250412082910-a053ba91409b h1:bAJhZmOaGssvBrP7m1Fwzz/ihPw917MuWEvOGKqYb4I=
github.com/maxgio92/libbpfgo v0.8.0-libbpf-1.5.0.20250412082910-a053ba91409b/go.mod h1:sp0LPEJ5Jwdjd052xV/f/jxycghG6p7RbXyXSLcvclQ=
github.com/maxgio92/libbpfgo v0.8.0-libbpf-1.5.0.20250412083123-a3d7fc03b6db h1:FVSLoGBLYaqV2gwdSwyevhgiPLs7KWyCP+k/eQjzqJo=
github.com/maxgio92/libbpfgo v0.8.0-libbpf-1.5.0.20250412083123-a3d7fc03b6db/go.mod h1:sp0LPEJ5Jwdjd052xV/f/jxycghG6p7RbXyXSLcvclQ=
github.com/maxgio92/libbpfgo v0.8.0-libbpf-1.5.0.20250412083908-f269df2fd65b h1:dKIrHnjHYyZkPxvw2VTsVW68zs1hiveCqcbg//sHDSk=
github.com/maxgio92/libbpfgo v0.8.0-libbpf-1.5.0.20250412083908-f269df2fd65b/go.mod h1:sp0LPEJ5Jwdjd052xV/f/jxycghG6p7RbXyXSLcvclQ=
github.com/maxgio92/libbpfgo v0.8.0-libbpf-1.5.0.20250412084038-7d360f562c18 h1:9p3eXJLJLRzautFfXHht4Cuew47z7pqdDy8Zf2E/JNs=
github.com/maxgio92/libbpfgo v0.8.0-libbpf-1.5.0.20250412084038-7d360f562c18/go.mod h1:sp0LPEJ5Jwdjd052xV/f/jxycghG6p7RbXyXSLcvclQ=
github.com/maxgio92/libbpfgo v0.8.0-libbpf-1.5.0.20250412084209-1581b7d9225d h1:nHOL9J0wFNf2DmJZBMoUoGMgMEHy4ETlxiXGA3vjysw=
github.com/maxgio92/libbpfgo v0.8.0-libbpf-1.5.0.20250412084209-1581b7d9225d/go.mod h1:sp0LPEJ5Jwdjd052xV/f/jxycghG6p7RbXyXSLcvclQ=
github.com/maxgio92/libbpfgo v0.8.0-libbpf-1.5.0.20250412122335-0969850404a4 h1:IeNzNKWG9zuxFEoXm72qTzmbbS5CPmHT2pR3oeE5zJA=
github.com/maxgio92/libbpfgo v0.8.0-libbpf-1.5.0.20250412122335-0969850404a4/go.mod h1:sp0LPEJ5Jwdjd052xV/f/jxycghG6p7RbXyXSLcvclQ=
github.com/maxgio92/libbpfgo v0.8.0-libbpf-1.5.0.20250412123405-1c62f4602aa7 h1:zBgERgWNlgR1FvRd3LjepqwDpGemOHmo4gNgiReo2qk=
github.com/maxgio92/libbpfgo v0.8.0-libbpf-1.5.0.20250412123405-1c62f4602aa7/go.mod h1:sp0LPEJ5Jwdjd052xV/f/jxycghG6p7RbXyXSLcvclQ=
github.com/maxgio92/libbpfgo v0.8.0-libbpf-1.5.0.20250412124058-531fada7f8b5 h1:Sv36ug8PQjWm9z4qTYGG+SktBuLyet8PihX7trfOHkA=
github.com/maxgio92/libbpfgo v0.8.0-libbpf-1.5.0.20250412124058-531fada7f8b5/go.mod h1:sp0LPEJ5Jwdjd052xV/f/jxycghG6p7RbXyXSLcvclQ=
github.com/maxgio92/libbpfgo v0.8.0-libbpf-1.5.0.20250412125040-262bf7188b11 h1:dzysIEmHKcmutRx5/kHBQsckdlEwJ6+W3lxHRfSMxgY=
github.com/maxgio92/libbpfgo v0.8.0-libbpf-1.5.0.20250412125040-262bf7188b11/go.mod h1:sp0LPEJ5Jwdjd052xV/f/jxycghG6p7RbXyXSLcvclQ=
github.com/maxgio92/libbpfgo v0.8.0-libbpf-1.5.0.20250412132257-eece1adea717 h1:1dYXF3lJvYD2/rCHht17V+V0z5lQbuG3r0Zv7oks8lo=
github.com/maxgio92/libbpfgo v0.8.0-libbpf-1.5.0.20250412132257-eece1adea717/go.mod h1:sp0LPEJ5Jwdjd052xV/f/jxycghG6p7RbXyXSLcvclQ=
github.com/maxgio92/libbpfgo v0.8.0-libbpf-1.5.0.20250412132854-8671c2ab64b7 h1:CNHyZeswLnmq8kpMOuoYeiUM9OFJHxP09GbYpvJSMhY=
github.com/maxgio92/libbpfgo v0.8.0-libbpf-1.5.0.20250412132854-8671c2ab64b7/go.mod h1:sp0LPEJ5Jwdjd052xV/f/jxycghG6p7RbXyXSLcvclQ=
github.com/maxgio92/libbpfgo v0.8.0-libbpf-1.5.0.20250412151522-1640d3b612a7 h1:prOOuFDsCmg6wmh9Lwc4dd19jLaFApA2ltp2Vxa3Dtc=
github.com/maxgio92/libbpfgo v0.8.0-libbpf-1.5.0.20250412151522-1640d3b612a7/go.mod h1:sp0LPEJ5Jwdjd052xV/f/jxycghG6p7RbXyXSLcvclQ=
github.com/maxgio92/libbpfgo v0.8.0-libbpf-1.5.0.20250413090630-d9fb34d3fb2a h1:ToQJV+YjNwIyM04gr+KhZvQ2w16580bQGwEwIi0UYJA=
github.com/maxgio92/libbpfgo v0.8.0-libbpf-1.5.0.20250413090630-d9fb34d3fb2a/go.mod h1:sp0LPEJ5Jwdjd052xV/f/jxycghG6p7RbXyXSLcvclQ=
github.com/maxgio92/libbpfgo v0.8.0-libbpf-1.5.0.20250413090751-f8fb86aaf449 h1:P0inLQSEEsG2fiAApy1dj82IGMMw9rhcNE1u4oCCpS0=
github.com/maxgio92/libbpfgo v0.8.0-libbpf-1.5.0.20250413090751-f8fb86aaf449/go.mod h1:sp0LPEJ5Jwdjd052xV/f/jxycghG6p7RbXyXSLcvclQ=
github.com/maxgio92/libbpfgo v0.8.0-libbpf-1.5.0.20250413090854-2206da20f440 h1:5CEFa6hBl7MvOcYubL7jFJxQ/RjCd5jo5J+1BzMlLqA=
github.com/maxgio92/libbpfgo v0.8.0-libbpf-1.5.0.20250413090854-2206da20f440/go.mod h1:sp0LPEJ5Jwdjd052xV/f/jxycghG6p7RbXyXSLcvclQ=
github.com/maxgio92/libbpfgo v0.8.0-libbpf-1.5.0.20250418083050-76085eb28951 h1:yFWw5r7MfihJIFGuWnXHrmb7UOt/L6V3DkdbVK2kcjg=
github.com/maxgio92/libbpfgo v0.8.0-libbpf-1.5.0.20250418083050-76085eb28951/go.mod h1:sp0LPEJ5Jwdjd052xV/f/jxycghG6p7RbXyXSLcvclQ=
github.com/mitchellh/colorstring v0.0.0-20190213212951-d06e56a500db h1:62I3jR2EmQ4l5rM/4FEfDWcRD+abF5XlKShorW5LRoQ=
github.com/mitchellh/colorstring v0.0.0-20190213212951-d06e56a500db/go.mod h1:l0dey0ia/Uv7NcFFVbCLtqEBQbrT4OCwCSKTEv6enCw=
github.com/pkg/errors v0.9.1 h1:FEBLx1zS214owpjy7qsBeixbURkuhQAwrK5UwLGTwt4=
github.com/pkg/errors v0.9.1/go.mod h1:bwawxfHBFNV+L2hUp1rHADufV3IMtnDRdf1r5NINEl0=
github.com/pmezard/go-difflib v1.0.0 h1:4DBwDE0NGyQoBHbLQYPwSUPoCMWR5BEzIk/f1lZbAQM=
github.com/pmezard/go-difflib v1.0.0/go.mod h1:iKH77koFhYxTK1pcRnkKkqfTogsbg7gZNVY4sRDYZ/4=
github.com/rivo/uniseg v0.4.7 h1:WUdvkW8uEhrYfLC4ZzdpI2ztxP1I582+49Oc5Mq64VQ=
github.com/rivo/uniseg v0.4.7/go.mod h1:FN3SvrM+Zdj16jyLfmOkMNblXMcoc8DfTHruCPUcx88=
github.com/rs/xid v1.6.0/go.mod h1:7XoLgs4eV+QndskICGsho+ADou8ySMSjJKDIan90Nz0=
github.com/rs/zerolog v1.34.0 h1:k43nTLIwcTVQAncfCw4KZ2VY6ukYoZaBPNOE8txlOeY=
github.com/rs/zerolog v1.34.0/go.mod h1:bJsvje4Z08ROH4Nhs5iH600c3IkWhwp44iRc54W6wYQ=
github.com/russross/blackfriday/v2 v2.1.0/go.mod h1:+Rmxgy9KzJVeS9/2gXHxylqXiyQDYRxCVz55jmeOWTM=
github.com/schollz/progressbar/v3 v3.18.0 h1:uXdoHABRFmNIjUfte/Ex7WtuyVslrw2wVPQmCN62HpA=
github.com/schollz/progressbar/v3 v3.18.0/go.mod h1:IsO3lpbaGuzh8zIMzgY3+J8l4C8GjO0Y9S69eFvNsec=
github.com/spf13/cobra v1.9.1 h1:CXSaggrXdbHK9CF+8ywj8Amf7PBRmPCOJugH954Nnlo=
github.com/spf13/cobra v1.9.1/go.mod h1:nDyEzZ8ogv936Cinf6g1RU9MRY64Ir93oCnqb9wxYW0=
github.com/spf13/pflag v1.0.6 h1:jFzHGLGAlb3ruxLB8MhbI6A8+AQX/2eW4qeyNZXNp2o=
github.com/spf13/pflag v1.0.6/go.mod h1:McXfInJRrz4CZXVZOBLb0bTZqETkiAhM9Iw0y3An2Bg=
github.com/stretchr/objx v0.1.0/go.mod h1:HFkY916IF+rwdDfMAkV7OtwuqBVzrE8GR6GFx+wExME=
github.com/stretchr/testify v1.7.0/go.mod h1:6Fq8oRcR53rry900zMqJjRRixrwX3KX962/h/Wwjteg=
github.com/stretchr/testify v1.10.0 h1:Xv5erBjTwe/5IxqUQTdXv5kgmIvbHo3QQyRwhJsOfJA=
github.com/stretchr/testify v1.10.0/go.mod h1:r2ic/lqez/lEtzL7wO/rwa5dbSLXVDPFyf8C91i36aY=
golang.org/x/sys v0.0.0-20210514084401-e8d321eab015/go.mod h1:oPkhp1MJrh7nUepCBck5+mAzfO9JrbApNNgaTdGDITg=
golang.org/x/sys v0.0.0-20220811171246-fbc7d0a398ab/go.mod h1:oPkhp1MJrh7nUepCBck5+mAzfO9JrbApNNgaTdGDITg=
golang.org/x/sys v0.6.0/go.mod h1:oPkhp1MJrh7nUepCBck5+mAzfO9JrbApNNgaTdGDITg=
golang.org/x/sys v0.12.0/go.mod h1:oPkhp1MJrh7nUepCBck5+mAzfO9JrbApNNgaTdGDITg=
golang.org/x/sys v0.29.0 h1:TPYlXGxvx1MGTn2GiZDhnjPA9wZzZeGKHHmKhHYvgaU=
golang.org/x/sys v0.29.0/go.mod h1:/VUhepiaJMQUp4+oa/7Zr1D23ma6VTLIYjOOTFZPUcA=
golang.org/x/term v0.28.0 h1:/Ts8HFuMR2E6IP/jlo7QVLZHggjKQbhu/7H0LJFr3Gg=
golang.org/x/term v0.28.0/go.mod h1:Sw/lC2IAUZ92udQNf3WodGtn4k/XoLyZoh8v/8uiwek=
gopkg.in/check.v1 v0.0.0-20161208181325-20d25e280405/go.mod h1:Co6ibVJAznAaIkqp8huTwlJQCZ016jof/cbN4VW5Yz0=
gopkg.in/yaml.v3 v3.0.0-20200313102051-9f266ea9e77c/go.mod h1:K4uyk7z7BCEPqu6E+C64Yfv1cQ7kz7rIZviUmN+EgEM=
gopkg.in/yaml.v3 v3.0.1 h1:fxVm/GzAzEWqLHuvctI91KS9hhNmmWOoWu0XTYJS7CA=
gopkg.in/yaml.v3 v3.0.1/go.mod h1:K4uyk7z7BCEPqu6E+C64Yfv1cQ7kz7rIZviUmN+EgEM=
kernel.org/pub/linux/libs/security/libcap/cap v1.2.73 h1:Th2b8jljYqkyZKS3aD3N9VpYsQpHuXLgea+SZUIfODA=
kernel.org/pub/linux/libs/security/libcap/cap v1.2.73/go.mod h1:hbeKwKcboEsxARYmcy/AdPVN11wmT/Wnpgv4k4ftyqY=
kernel.org/pub/linux/libs/security/libcap/psx v1.2.73 h1:SEAEUiPVylTD4vqqi+vtGkSnXeP2FcRO3FoZB1MklMw=
kernel.org/pub/linux/libs/security/libcap/psx v1.2.73/go.mod h1:+l6Ee2F59XiJ2I6WR5ObpC1utCQJZ/VLsEbQCD8RG24=
